// !$*UTF8*$!
{
	archiveVersion = 1;
	classes = {
	};
	objectVersion = 46;
	objects = {

/* Begin PBXBuildFile section */
		4EA152501B05E66B003B3F88 /* main.m in Sources */ = {isa = PBXBuildFile; fileRef = 4EA1524F1B05E66B003B3F88 /* main.m */; };
		4EA152531B05E66B003B3F88 /* AppDelegate.m in Sources */ = {isa = PBXBuildFile; fileRef = 4EA152521B05E66B003B3F88 /* AppDelegate.m */; };
		4EA152561B05E66B003B3F88 /* ViewController.m in Sources */ = {isa = PBXBuildFile; fileRef = 4EA152551B05E66B003B3F88 /* ViewController.m */; };
		4EA152591B05E66B003B3F88 /* Main.storyboard in Resources */ = {isa = PBXBuildFile; fileRef = 4EA152571B05E66B003B3F88 /* Main.storyboard */; };
		4EA1525B1B05E66B003B3F88 /* Images.xcassets in Resources */ = {isa = PBXBuildFile; fileRef = 4EA1525A1B05E66B003B3F88 /* Images.xcassets */; };
		4EA1525E1B05E66B003B3F88 /* LaunchScreen.xib in Resources */ = {isa = PBXBuildFile; fileRef = 4EA1525C1B05E66B003B3F88 /* LaunchScreen.xib */; };
		4EA1526A1B05E66B003B3F88 /* MyBarChartCTests.m in Sources */ = {isa = PBXBuildFile; fileRef = 4EA152691B05E66B003B3F88 /* MyBarChartCTests.m */; };
		4EA152761B05E696003B3F88 /* libCorePlot-CocoaTouch.a in Frameworks */ = {isa = PBXBuildFile; fileRef = 4EA152741B05E696003B3F88 /* libCorePlot-CocoaTouch.a */; };
		4EA152781B05E6F1003B3F88 /* QuartzCore.framework in Frameworks */ = {isa = PBXBuildFile; fileRef = 4EA152771B05E6F1003B3F88 /* QuartzCore.framework */; };
		4EA1527A1B05E6F7003B3F88 /* Accelerate.framework in Frameworks */ = {isa = PBXBuildFile; fileRef = 4EA152791B05E6F7003B3F88 /* Accelerate.framework */; };
/* End PBXBuildFile section */

/* Begin PBXContainerItemProxy section */
		4EA152641B05E66B003B3F88 /* PBXContainerItemProxy */ = {
			isa = PBXContainerItemProxy;
			containerPortal = 4EA152421B05E66A003B3F88 /* Project object */;
			proxyType = 1;
			remoteGlobalIDString = 4EA152491B05E66A003B3F88;
			remoteInfo = MyBarChartC;
		};
/* End PBXContainerItemProxy section */

/* Begin PBXFileReference section */
		4EA1524A1B05E66A003B3F88 /* MyBarChartC.app */ = {isa = PBXFileReference; explicitFileType = wrapper.application; includeInIndex = 0; path = MyBarChartC.app; sourceTree = BUILT_PRODUCTS_DIR; };
		4EA1524E1B05E66B003B3F88 /* Info.plist */ = {isa = PBXFileReference; lastKnownFileType = text.plist.xml; path = Info.plist; sourceTree = "<group>"; };
		4EA1524F1B05E66B003B3F88 /* main.m */ = {isa = PBXFileReference; lastKnownFileType = sourcecode.c.objc; path = main.m; sourceTree = "<group>"; };
		4EA152511B05E66B003B3F88 /* AppDelegate.h */ = {isa = PBXFileReference; lastKnownFileType = sourcecode.c.h; path = AppDelegate.h; sourceTree = "<group>"; };
		4EA152521B05E66B003B3F88 /* AppDelegate.m */ = {isa = PBXFileReference; lastKnownFileType = sourcecode.c.objc; path = AppDelegate.m; sourceTree = "<group>"; };
		4EA152541B05E66B003B3F88 /* ViewController.h */ = {isa = PBXFileReference; lastKnownFileType = sourcecode.c.h; path = ViewController.h; sourceTree = "<group>"; };
		4EA152551B05E66B003B3F88 /* ViewController.m */ = {isa = PBXFileReference; lastKnownFileType = sourcecode.c.objc; path = ViewController.m; sourceTree = "<group>"; };
		4EA152581B05E66B003B3F88 /* Base */ = {isa = PBXFileReference; lastKnownFileType = file.storyboard; name = Base; path = Base.lproj/Main.storyboard; sourceTree = "<group>"; };
		4EA1525A1B05E66B003B3F88 /* Images.xcassets */ = {isa = PBXFileReference; lastKnownFileType = folder.assetcatalog; path = Images.xcassets; sourceTree = "<group>"; };
		4EA1525D1B05E66B003B3F88 /* Base */ = {isa = PBXFileReference; lastKnownFileType = file.xib; name = Base; path = Base.lproj/LaunchScreen.xib; sourceTree = "<group>"; };
		4EA152631B05E66B003B3F88 /* MyBarChartCTests.xctest */ = {isa = PBXFileReference; explicitFileType = wrapper.cfbundle; includeInIndex = 0; path = MyBarChartCTests.xctest; sourceTree = BUILT_PRODUCTS_DIR; };
		4EA152681B05E66B003B3F88 /* Info.plist */ = {isa = PBXFileReference; lastKnownFileType = text.plist.xml; path = Info.plist; sourceTree = "<group>"; };
		4EA152691B05E66B003B3F88 /* MyBarChartCTests.m */ = {isa = PBXFileReference; lastKnownFileType = sourcecode.c.objc; path = MyBarChartCTests.m; sourceTree = "<group>"; };
		4EA152741B05E696003B3F88 /* libCorePlot-CocoaTouch.a */ = {isa = PBXFileReference; lastKnownFileType = archive.ar; path = "libCorePlot-CocoaTouch.a"; sourceTree = "<group>"; };
		4EA152771B05E6F1003B3F88 /* QuartzCore.framework */ = {isa = PBXFileReference; lastKnownFileType = wrapper.framework; name = QuartzCore.framework; path = System/Library/Frameworks/QuartzCore.framework; sourceTree = SDKROOT; };
		4EA152791B05E6F7003B3F88 /* Accelerate.framework */ = {isa = PBXFileReference; lastKnownFileType = wrapper.framework; name = Accelerate.framework; path = System/Library/Frameworks/Accelerate.framework; sourceTree = SDKROOT; };
		4EA1527E1B05E814003B3F88 /* CorePlot-CocoaTouch.h */ = {isa = PBXFileReference; fileEncoding = 4; lastKnownFileType = sourcecode.c.h; path = "CorePlot-CocoaTouch.h"; sourceTree = "<group>"; };
		4EA1527F1B05E814003B3F88 /* CPTAnimation.h */ = {isa = PBXFileReference; fileEncoding = 4; lastKnownFileType = sourcecode.c.h; path = CPTAnimation.h; sourceTree = "<group>"; };
		4EA152801B05E814003B3F88 /* CPTAnimationOperation.h */ = {isa = PBXFileReference; fileEncoding = 4; lastKnownFileType = sourcecode.c.h; path = CPTAnimationOperation.h; sourceTree = "<group>"; };
		4EA152811B05E814003B3F88 /* CPTAnimationPeriod.h */ = {isa = PBXFileReference; fileEncoding = 4; lastKnownFileType = sourcecode.c.h; path = CPTAnimationPeriod.h; sourceTree = "<group>"; };
		4EA152821B05E814003B3F88 /* CPTAnnotation.h */ = {isa = PBXFileReference; fileEncoding = 4; lastKnownFileType = sourcecode.c.h; path = CPTAnnotation.h; sourceTree = "<group>"; };
		4EA152831B05E814003B3F88 /* CPTAnnotationHostLayer.h */ = {isa = PBXFileReference; fileEncoding = 4; lastKnownFileType = sourcecode.c.h; path = CPTAnnotationHostLayer.h; sourceTree = "<group>"; };
		4EA152841B05E814003B3F88 /* CPTAxis.h */ = {isa = PBXFileReference; fileEncoding = 4; lastKnownFileType = sourcecode.c.h; path = CPTAxis.h; sourceTree = "<group>"; };
		4EA152851B05E814003B3F88 /* CPTAxisLabel.h */ = {isa = PBXFileReference; fileEncoding = 4; lastKnownFileType = sourcecode.c.h; path = CPTAxisLabel.h; sourceTree = "<group>"; };
		4EA152861B05E814003B3F88 /* CPTAxisLabelGroup.h */ = {isa = PBXFileReference; fileEncoding = 4; lastKnownFileType = sourcecode.c.h; path = CPTAxisLabelGroup.h; sourceTree = "<group>"; };
		4EA152871B05E814003B3F88 /* CPTAxisSet.h */ = {isa = PBXFileReference; fileEncoding = 4; lastKnownFileType = sourcecode.c.h; path = CPTAxisSet.h; sourceTree = "<group>"; };
		4EA152881B05E814003B3F88 /* CPTAxisTitle.h */ = {isa = PBXFileReference; fileEncoding = 4; lastKnownFileType = sourcecode.c.h; path = CPTAxisTitle.h; sourceTree = "<group>"; };
		4EA152891B05E814003B3F88 /* CPTBarPlot.h */ = {isa = PBXFileReference; fileEncoding = 4; lastKnownFileType = sourcecode.c.h; path = CPTBarPlot.h; sourceTree = "<group>"; };
		4EA1528A1B05E814003B3F88 /* CPTBorderedLayer.h */ = {isa = PBXFileReference; fileEncoding = 4; lastKnownFileType = sourcecode.c.h; path = CPTBorderedLayer.h; sourceTree = "<group>"; };
		4EA1528B1B05E814003B3F88 /* CPTCalendarFormatter.h */ = {isa = PBXFileReference; fileEncoding = 4; lastKnownFileType = sourcecode.c.h; path = CPTCalendarFormatter.h; sourceTree = "<group>"; };
		4EA1528C1B05E814003B3F88 /* CPTColor.h */ = {isa = PBXFileReference; fileEncoding = 4; lastKnownFileType = sourcecode.c.h; path = CPTColor.h; sourceTree = "<group>"; };
		4EA1528D1B05E814003B3F88 /* CPTColorSpace.h */ = {isa = PBXFileReference; fileEncoding = 4; lastKnownFileType = sourcecode.c.h; path = CPTColorSpace.h; sourceTree = "<group>"; };
		4EA1528E1B05E814003B3F88 /* CPTConstraints.h */ = {isa = PBXFileReference; fileEncoding = 4; lastKnownFileType = sourcecode.c.h; path = CPTConstraints.h; sourceTree = "<group>"; };
		4EA1528F1B05E814003B3F88 /* CPTDataSourceTestCase.h */ = {isa = PBXFileReference; fileEncoding = 4; lastKnownFileType = sourcecode.c.h; path = CPTDataSourceTestCase.h; sourceTree = "<group>"; };
		4EA152901B05E814003B3F88 /* CPTDefinitions.h */ = {isa = PBXFileReference; fileEncoding = 4; lastKnownFileType = sourcecode.c.h; path = CPTDefinitions.h; sourceTree = "<group>"; };
		4EA152911B05E814003B3F88 /* CPTDerivedXYGraph.h */ = {isa = PBXFileReference; fileEncoding = 4; lastKnownFileType = sourcecode.c.h; path = CPTDerivedXYGraph.h; sourceTree = "<group>"; };
		4EA152921B05E814003B3F88 /* CPTExceptions.h */ = {isa = PBXFileReference; fileEncoding = 4; lastKnownFileType = sourcecode.c.h; path = CPTExceptions.h; sourceTree = "<group>"; };
		4EA152931B05E814003B3F88 /* CPTFill.h */ = {isa = PBXFileReference; fileEncoding = 4; lastKnownFileType = sourcecode.c.h; path = CPTFill.h; sourceTree = "<group>"; };
		4EA152941B05E814003B3F88 /* CPTFunctionDataSource.h */ = {isa = PBXFileReference; fileEncoding = 4; lastKnownFileType = sourcecode.c.h; path = CPTFunctionDataSource.h; sourceTree = "<group>"; };
		4EA152951B05E814003B3F88 /* CPTGradient.h */ = {isa = PBXFileReference; fileEncoding = 4; lastKnownFileType = sourcecode.c.h; path = CPTGradient.h; sourceTree = "<group>"; };
		4EA152961B05E814003B3F88 /* CPTGraph.h */ = {isa = PBXFileReference; fileEncoding = 4; lastKnownFileType = sourcecode.c.h; path = CPTGraph.h; sourceTree = "<group>"; };
		4EA152971B05E814003B3F88 /* CPTGraphHostingView.h */ = {isa = PBXFileReference; fileEncoding = 4; lastKnownFileType = sourcecode.c.h; path = CPTGraphHostingView.h; sourceTree = "<group>"; };
		4EA152981B05E814003B3F88 /* CPTGridLineGroup.h */ = {isa = PBXFileReference; fileEncoding = 4; lastKnownFileType = sourcecode.c.h; path = CPTGridLineGroup.h; sourceTree = "<group>"; };
		4EA152991B05E814003B3F88 /* CPTGridLines.h */ = {isa = PBXFileReference; fileEncoding = 4; lastKnownFileType = sourcecode.c.h; path = CPTGridLines.h; sourceTree = "<group>"; };
		4EA1529A1B05E814003B3F88 /* CPTImage.h */ = {isa = PBXFileReference; fileEncoding = 4; lastKnownFileType = sourcecode.c.h; path = CPTImage.h; sourceTree = "<group>"; };
		4EA1529B1B05E814003B3F88 /* CPTLayer.h */ = {isa = PBXFileReference; fileEncoding = 4; lastKnownFileType = sourcecode.c.h; path = CPTLayer.h; sourceTree = "<group>"; };
		4EA1529C1B05E814003B3F88 /* CPTLayerAnnotation.h */ = {isa = PBXFileReference; fileEncoding = 4; lastKnownFileType = sourcecode.c.h; path = CPTLayerAnnotation.h; sourceTree = "<group>"; };
		4EA1529D1B05E814003B3F88 /* CPTLegend.h */ = {isa = PBXFileReference; fileEncoding = 4; lastKnownFileType = sourcecode.c.h; path = CPTLegend.h; sourceTree = "<group>"; };
		4EA1529E1B05E814003B3F88 /* CPTLegendEntry.h */ = {isa = PBXFileReference; fileEncoding = 4; lastKnownFileType = sourcecode.c.h; path = CPTLegendEntry.h; sourceTree = "<group>"; };
		4EA1529F1B05E814003B3F88 /* CPTLimitBand.h */ = {isa = PBXFileReference; fileEncoding = 4; lastKnownFileType = sourcecode.c.h; path = CPTLimitBand.h; sourceTree = "<group>"; };
		4EA152A01B05E814003B3F88 /* CPTLineCap.h */ = {isa = PBXFileReference; fileEncoding = 4; lastKnownFileType = sourcecode.c.h; path = CPTLineCap.h; sourceTree = "<group>"; };
		4EA152A11B05E814003B3F88 /* CPTLineStyle.h */ = {isa = PBXFileReference; fileEncoding = 4; lastKnownFileType = sourcecode.c.h; path = CPTLineStyle.h; sourceTree = "<group>"; };
		4EA152A21B05E814003B3F88 /* CPTMutableLineStyle.h */ = {isa = PBXFileReference; fileEncoding = 4; lastKnownFileType = sourcecode.c.h; path = CPTMutableLineStyle.h; sourceTree = "<group>"; };
		4EA152A31B05E814003B3F88 /* CPTMutableNumericData+TypeConversion.h */ = {isa = PBXFileReference; fileEncoding = 4; lastKnownFileType = sourcecode.c.h; path = "CPTMutableNumericData+TypeConversion.h"; sourceTree = "<group>"; };
		4EA152A41B05E814003B3F88 /* CPTMutableNumericData.h */ = {isa = PBXFileReference; fileEncoding = 4; lastKnownFileType = sourcecode.c.h; path = CPTMutableNumericData.h; sourceTree = "<group>"; };
		4EA152A51B05E814003B3F88 /* CPTMutablePlotRange.h */ = {isa = PBXFileReference; fileEncoding = 4; lastKnownFileType = sourcecode.c.h; path = CPTMutablePlotRange.h; sourceTree = "<group>"; };
		4EA152A61B05E814003B3F88 /* CPTMutableShadow.h */ = {isa = PBXFileReference; fileEncoding = 4; lastKnownFileType = sourcecode.c.h; path = CPTMutableShadow.h; sourceTree = "<group>"; };
		4EA152A71B05E814003B3F88 /* CPTMutableTextStyle.h */ = {isa = PBXFileReference; fileEncoding = 4; lastKnownFileType = sourcecode.c.h; path = CPTMutableTextStyle.h; sourceTree = "<group>"; };
		4EA152A81B05E814003B3F88 /* CPTNumericData+TypeConversion.h */ = {isa = PBXFileReference; fileEncoding = 4; lastKnownFileType = sourcecode.c.h; path = "CPTNumericData+TypeConversion.h"; sourceTree = "<group>"; };
		4EA152A91B05E814003B3F88 /* CPTNumericData.h */ = {isa = PBXFileReference; fileEncoding = 4; lastKnownFileType = sourcecode.c.h; path = CPTNumericData.h; sourceTree = "<group>"; };
		4EA152AA1B05E814003B3F88 /* CPTNumericDataType.h */ = {isa = PBXFileReference; fileEncoding = 4; lastKnownFileType = sourcecode.c.h; path = CPTNumericDataType.h; sourceTree = "<group>"; };
		4EA152AB1B05E814003B3F88 /* CPTPathExtensions.h */ = {isa = PBXFileReference; fileEncoding = 4; lastKnownFileType = sourcecode.c.h; path = CPTPathExtensions.h; sourceTree = "<group>"; };
		4EA152AC1B05E814003B3F88 /* CPTPieChart.h */ = {isa = PBXFileReference; fileEncoding = 4; lastKnownFileType = sourcecode.c.h; path = CPTPieChart.h; sourceTree = "<group>"; };
		4EA152AD1B05E814003B3F88 /* CPTPlatformSpecificCategories.h */ = {isa = PBXFileReference; fileEncoding = 4; lastKnownFileType = sourcecode.c.h; path = CPTPlatformSpecificCategories.h; sourceTree = "<group>"; };
		4EA152AE1B05E814003B3F88 /* CPTPlatformSpecificDefines.h */ = {isa = PBXFileReference; fileEncoding = 4; lastKnownFileType = sourcecode.c.h; path = CPTPlatformSpecificDefines.h; sourceTree = "<group>"; };
		4EA152AF1B05E814003B3F88 /* CPTPlatformSpecificFunctions.h */ = {isa = PBXFileReference; fileEncoding = 4; lastKnownFileType = sourcecode.c.h; path = CPTPlatformSpecificFunctions.h; sourceTree = "<group>"; };
		4EA152B01B05E814003B3F88 /* CPTPlot.h */ = {isa = PBXFileReference; fileEncoding = 4; lastKnownFileType = sourcecode.c.h; path = CPTPlot.h; sourceTree = "<group>"; };
		4EA152B11B05E814003B3F88 /* CPTPlotArea.h */ = {isa = PBXFileReference; fileEncoding = 4; lastKnownFileType = sourcecode.c.h; path = CPTPlotArea.h; sourceTree = "<group>"; };
		4EA152B21B05E814003B3F88 /* CPTPlotAreaFrame.h */ = {isa = PBXFileReference; fileEncoding = 4; lastKnownFileType = sourcecode.c.h; path = CPTPlotAreaFrame.h; sourceTree = "<group>"; };
		4EA152B31B05E814003B3F88 /* CPTPlotGroup.h */ = {isa = PBXFileReference; fileEncoding = 4; lastKnownFileType = sourcecode.c.h; path = CPTPlotGroup.h; sourceTree = "<group>"; };
		4EA152B41B05E814003B3F88 /* CPTPlotRange.h */ = {isa = PBXFileReference; fileEncoding = 4; lastKnownFileType = sourcecode.c.h; path = CPTPlotRange.h; sourceTree = "<group>"; };
		4EA152B51B05E814003B3F88 /* CPTPlotSpace.h */ = {isa = PBXFileReference; fileEncoding = 4; lastKnownFileType = sourcecode.c.h; path = CPTPlotSpace.h; sourceTree = "<group>"; };
		4EA152B61B05E814003B3F88 /* CPTPlotSpaceAnnotation.h */ = {isa = PBXFileReference; fileEncoding = 4; lastKnownFileType = sourcecode.c.h; path = CPTPlotSpaceAnnotation.h; sourceTree = "<group>"; };
		4EA152B71B05E814003B3F88 /* CPTPlotSymbol.h */ = {isa = PBXFileReference; fileEncoding = 4; lastKnownFileType = sourcecode.c.h; path = CPTPlotSymbol.h; sourceTree = "<group>"; };
		4EA152B81B05E814003B3F88 /* CPTRangePlot.h */ = {isa = PBXFileReference; fileEncoding = 4; lastKnownFileType = sourcecode.c.h; path = CPTRangePlot.h; sourceTree = "<group>"; };
		4EA152B91B05E814003B3F88 /* CPTResponder.h */ = {isa = PBXFileReference; fileEncoding = 4; lastKnownFileType = sourcecode.c.h; path = CPTResponder.h; sourceTree = "<group>"; };
		4EA152BA1B05E814003B3F88 /* CPTScatterPlot.h */ = {isa = PBXFileReference; fileEncoding = 4; lastKnownFileType = sourcecode.c.h; path = CPTScatterPlot.h; sourceTree = "<group>"; };
		4EA152BB1B05E814003B3F88 /* CPTShadow.h */ = {isa = PBXFileReference; fileEncoding = 4; lastKnownFileType = sourcecode.c.h; path = CPTShadow.h; sourceTree = "<group>"; };
		4EA152BC1B05E814003B3F88 /* CPTTestCase.h */ = {isa = PBXFileReference; fileEncoding = 4; lastKnownFileType = sourcecode.c.h; path = CPTTestCase.h; sourceTree = "<group>"; };
		4EA152BD1B05E814003B3F88 /* CPTTextLayer.h */ = {isa = PBXFileReference; fileEncoding = 4; lastKnownFileType = sourcecode.c.h; path = CPTTextLayer.h; sourceTree = "<group>"; };
		4EA152BE1B05E814003B3F88 /* CPTTextStyle.h */ = {isa = PBXFileReference; fileEncoding = 4; lastKnownFileType = sourcecode.c.h; path = CPTTextStyle.h; sourceTree = "<group>"; };
		4EA152BF1B05E814003B3F88 /* CPTTextStylePlatformSpecific.h */ = {isa = PBXFileReference; fileEncoding = 4; lastKnownFileType = sourcecode.c.h; path = CPTTextStylePlatformSpecific.h; sourceTree = "<group>"; };
		4EA152C01B05E814003B3F88 /* CPTTheme.h */ = {isa = PBXFileReference; fileEncoding = 4; lastKnownFileType = sourcecode.c.h; path = CPTTheme.h; sourceTree = "<group>"; };
		4EA152C11B05E814003B3F88 /* CPTTimeFormatter.h */ = {isa = PBXFileReference; fileEncoding = 4; lastKnownFileType = sourcecode.c.h; path = CPTTimeFormatter.h; sourceTree = "<group>"; };
		4EA152C21B05E814003B3F88 /* CPTTradingRangePlot.h */ = {isa = PBXFileReference; fileEncoding = 4; lastKnownFileType = sourcecode.c.h; path = CPTTradingRangePlot.h; sourceTree = "<group>"; };
		4EA152C31B05E814003B3F88 /* CPTUtilities.h */ = {isa = PBXFileReference; fileEncoding = 4; lastKnownFileType = sourcecode.c.h; path = CPTUtilities.h; sourceTree = "<group>"; };
		4EA152C41B05E814003B3F88 /* CPTXYAxis.h */ = {isa = PBXFileReference; fileEncoding = 4; lastKnownFileType = sourcecode.c.h; path = CPTXYAxis.h; sourceTree = "<group>"; };
		4EA152C51B05E814003B3F88 /* CPTXYAxisSet.h */ = {isa = PBXFileReference; fileEncoding = 4; lastKnownFileType = sourcecode.c.h; path = CPTXYAxisSet.h; sourceTree = "<group>"; };
		4EA152C61B05E814003B3F88 /* CPTXYGraph.h */ = {isa = PBXFileReference; fileEncoding = 4; lastKnownFileType = sourcecode.c.h; path = CPTXYGraph.h; sourceTree = "<group>"; };
		4EA152C71B05E814003B3F88 /* CPTXYPlotSpace.h */ = {isa = PBXFileReference; fileEncoding = 4; lastKnownFileType = sourcecode.c.h; path = CPTXYPlotSpace.h; sourceTree = "<group>"; };
		4EA152C81B05E814003B3F88 /* mainpage.h */ = {isa = PBXFileReference; fileEncoding = 4; lastKnownFileType = sourcecode.c.h; path = mainpage.h; sourceTree = "<group>"; };
		4EA152C91B05E814003B3F88 /* NSCoderExtensions.h */ = {isa = PBXFileReference; fileEncoding = 4; lastKnownFileType = sourcecode.c.h; path = NSCoderExtensions.h; sourceTree = "<group>"; };
		4EA152CA1B05E814003B3F88 /* NSDecimalNumberExtensions.h */ = {isa = PBXFileReference; fileEncoding = 4; lastKnownFileType = sourcecode.c.h; path = NSDecimalNumberExtensions.h; sourceTree = "<group>"; };
		4EA152CB1B05E814003B3F88 /* NSNumberExtensions.h */ = {isa = PBXFileReference; fileEncoding = 4; lastKnownFileType = sourcecode.c.h; path = NSNumberExtensions.h; sourceTree = "<group>"; };
/* End PBXFileReference section */

/* Begin PBXFrameworksBuildPhase section */
		4EA152471B05E66A003B3F88 /* Frameworks */ = {
			isa = PBXFrameworksBuildPhase;
			buildActionMask = 2147483647;
			files = (
				4EA1527A1B05E6F7003B3F88 /* Accelerate.framework in Frameworks */,
				4EA152781B05E6F1003B3F88 /* QuartzCore.framework in Frameworks */,
				4EA152761B05E696003B3F88 /* libCorePlot-CocoaTouch.a in Frameworks */,
			);
			runOnlyForDeploymentPostprocessing = 0;
		};
		4EA152601B05E66B003B3F88 /* Frameworks */ = {
			isa = PBXFrameworksBuildPhase;
			buildActionMask = 2147483647;
			files = (
			);
			runOnlyForDeploymentPostprocessing = 0;
		};
/* End PBXFrameworksBuildPhase section */

/* Begin PBXGroup section */
		4EA152411B05E66A003B3F88 = {
			isa = PBXGroup;
			children = (
				4EA152791B05E6F7003B3F88 /* Accelerate.framework */,
				4EA152771B05E6F1003B3F88 /* QuartzCore.framework */,
				4EA152741B05E696003B3F88 /* libCorePlot-CocoaTouch.a */,
				4EA1527D1B05E814003B3F88 /* CorePlotHeaders */,
				4EA1524C1B05E66A003B3F88 /* MyBarChartC */,
				4EA152661B05E66B003B3F88 /* MyBarChartCTests */,
				4EA1524B1B05E66A003B3F88 /* Products */,
			);
			sourceTree = "<group>";
		};
		4EA1524B1B05E66A003B3F88 /* Products */ = {
			isa = PBXGroup;
			children = (
				4EA1524A1B05E66A003B3F88 /* MyBarChartC.app */,
				4EA152631B05E66B003B3F88 /* MyBarChartCTests.xctest */,
			);
			name = Products;
			sourceTree = "<group>";
		};
		4EA1524C1B05E66A003B3F88 /* MyBarChartC */ = {
			isa = PBXGroup;
			children = (
				4EA152511B05E66B003B3F88 /* AppDelegate.h */,
				4EA152521B05E66B003B3F88 /* AppDelegate.m */,
				4EA152541B05E66B003B3F88 /* ViewController.h */,
				4EA152551B05E66B003B3F88 /* ViewController.m */,
				4EA152571B05E66B003B3F88 /* Main.storyboard */,
				4EA1525A1B05E66B003B3F88 /* Images.xcassets */,
				4EA1525C1B05E66B003B3F88 /* LaunchScreen.xib */,
				4EA1524D1B05E66B003B3F88 /* Supporting Files */,
			);
			path = MyBarChartC;
			sourceTree = "<group>";
		};
		4EA1524D1B05E66B003B3F88 /* Supporting Files */ = {
			isa = PBXGroup;
			children = (
				4EA1524E1B05E66B003B3F88 /* Info.plist */,
				4EA1524F1B05E66B003B3F88 /* main.m */,
			);
			name = "Supporting Files";
			sourceTree = "<group>";
		};
		4EA152661B05E66B003B3F88 /* MyBarChartCTests */ = {
			isa = PBXGroup;
			children = (
				4EA152691B05E66B003B3F88 /* MyBarChartCTests.m */,
				4EA152671B05E66B003B3F88 /* Supporting Files */,
			);
			path = MyBarChartCTests;
			sourceTree = "<group>";
		};
		4EA152671B05E66B003B3F88 /* Supporting Files */ = {
			isa = PBXGroup;
			children = (
				4EA152681B05E66B003B3F88 /* Info.plist */,
			);
			name = "Supporting Files";
			sourceTree = "<group>";
		};
		4EA1527D1B05E814003B3F88 /* CorePlotHeaders */ = {
			isa = PBXGroup;
			children = (
				4EA1527E1B05E814003B3F88 /* CorePlot-CocoaTouch.h */,
				4EA1527F1B05E814003B3F88 /* CPTAnimation.h */,
				4EA152801B05E814003B3F88 /* CPTAnimationOperation.h */,
				4EA152811B05E814003B3F88 /* CPTAnimationPeriod.h */,
				4EA152821B05E814003B3F88 /* CPTAnnotation.h */,
				4EA152831B05E814003B3F88 /* CPTAnnotationHostLayer.h */,
				4EA152841B05E814003B3F88 /* CPTAxis.h */,
				4EA152851B05E814003B3F88 /* CPTAxisLabel.h */,
				4EA152861B05E814003B3F88 /* CPTAxisLabelGroup.h */,
				4EA152871B05E814003B3F88 /* CPTAxisSet.h */,
				4EA152881B05E814003B3F88 /* CPTAxisTitle.h */,
				4EA152891B05E814003B3F88 /* CPTBarPlot.h */,
				4EA1528A1B05E814003B3F88 /* CPTBorderedLayer.h */,
				4EA1528B1B05E814003B3F88 /* CPTCalendarFormatter.h */,
				4EA1528C1B05E814003B3F88 /* CPTColor.h */,
				4EA1528D1B05E814003B3F88 /* CPTColorSpace.h */,
				4EA1528E1B05E814003B3F88 /* CPTConstraints.h */,
				4EA1528F1B05E814003B3F88 /* CPTDataSourceTestCase.h */,
				4EA152901B05E814003B3F88 /* CPTDefinitions.h */,
				4EA152911B05E814003B3F88 /* CPTDerivedXYGraph.h */,
				4EA152921B05E814003B3F88 /* CPTExceptions.h */,
				4EA152931B05E814003B3F88 /* CPTFill.h */,
				4EA152941B05E814003B3F88 /* CPTFunctionDataSource.h */,
				4EA152951B05E814003B3F88 /* CPTGradient.h */,
				4EA152961B05E814003B3F88 /* CPTGraph.h */,
				4EA152971B05E814003B3F88 /* CPTGraphHostingView.h */,
				4EA152981B05E814003B3F88 /* CPTGridLineGroup.h */,
				4EA152991B05E814003B3F88 /* CPTGridLines.h */,
				4EA1529A1B05E814003B3F88 /* CPTImage.h */,
				4EA1529B1B05E814003B3F88 /* CPTLayer.h */,
				4EA1529C1B05E814003B3F88 /* CPTLayerAnnotation.h */,
				4EA1529D1B05E814003B3F88 /* CPTLegend.h */,
				4EA1529E1B05E814003B3F88 /* CPTLegendEntry.h */,
				4EA1529F1B05E814003B3F88 /* CPTLimitBand.h */,
				4EA152A01B05E814003B3F88 /* CPTLineCap.h */,
				4EA152A11B05E814003B3F88 /* CPTLineStyle.h */,
				4EA152A21B05E814003B3F88 /* CPTMutableLineStyle.h */,
				4EA152A31B05E814003B3F88 /* CPTMutableNumericData+TypeConversion.h */,
				4EA152A41B05E814003B3F88 /* CPTMutableNumericData.h */,
				4EA152A51B05E814003B3F88 /* CPTMutablePlotRange.h */,
				4EA152A61B05E814003B3F88 /* CPTMutableShadow.h */,
				4EA152A71B05E814003B3F88 /* CPTMutableTextStyle.h */,
				4EA152A81B05E814003B3F88 /* CPTNumericData+TypeConversion.h */,
				4EA152A91B05E814003B3F88 /* CPTNumericData.h */,
				4EA152AA1B05E814003B3F88 /* CPTNumericDataType.h */,
				4EA152AB1B05E814003B3F88 /* CPTPathExtensions.h */,
				4EA152AC1B05E814003B3F88 /* CPTPieChart.h */,
				4EA152AD1B05E814003B3F88 /* CPTPlatformSpecificCategories.h */,
				4EA152AE1B05E814003B3F88 /* CPTPlatformSpecificDefines.h */,
				4EA152AF1B05E814003B3F88 /* CPTPlatformSpecificFunctions.h */,
				4EA152B01B05E814003B3F88 /* CPTPlot.h */,
				4EA152B11B05E814003B3F88 /* CPTPlotArea.h */,
				4EA152B21B05E814003B3F88 /* CPTPlotAreaFrame.h */,
				4EA152B31B05E814003B3F88 /* CPTPlotGroup.h */,
				4EA152B41B05E814003B3F88 /* CPTPlotRange.h */,
				4EA152B51B05E814003B3F88 /* CPTPlotSpace.h */,
				4EA152B61B05E814003B3F88 /* CPTPlotSpaceAnnotation.h */,
				4EA152B71B05E814003B3F88 /* CPTPlotSymbol.h */,
				4EA152B81B05E814003B3F88 /* CPTRangePlot.h */,
				4EA152B91B05E814003B3F88 /* CPTResponder.h */,
				4EA152BA1B05E814003B3F88 /* CPTScatterPlot.h */,
				4EA152BB1B05E814003B3F88 /* CPTShadow.h */,
				4EA152BC1B05E814003B3F88 /* CPTTestCase.h */,
				4EA152BD1B05E814003B3F88 /* CPTTextLayer.h */,
				4EA152BE1B05E814003B3F88 /* CPTTextStyle.h */,
				4EA152BF1B05E814003B3F88 /* CPTTextStylePlatformSpecific.h */,
				4EA152C01B05E814003B3F88 /* CPTTheme.h */,
				4EA152C11B05E814003B3F88 /* CPTTimeFormatter.h */,
				4EA152C21B05E814003B3F88 /* CPTTradingRangePlot.h */,
				4EA152C31B05E814003B3F88 /* CPTUtilities.h */,
				4EA152C41B05E814003B3F88 /* CPTXYAxis.h */,
				4EA152C51B05E814003B3F88 /* CPTXYAxisSet.h */,
				4EA152C61B05E814003B3F88 /* CPTXYGraph.h */,
				4EA152C71B05E814003B3F88 /* CPTXYPlotSpace.h */,
				4EA152C81B05E814003B3F88 /* mainpage.h */,
				4EA152C91B05E814003B3F88 /* NSCoderExtensions.h */,
				4EA152CA1B05E814003B3F88 /* NSDecimalNumberExtensions.h */,
				4EA152CB1B05E814003B3F88 /* NSNumberExtensions.h */,
			);
			path = CorePlotHeaders;
			sourceTree = "<group>";
		};
/* End PBXGroup section */

/* Begin PBXNativeTarget section */
		4EA152491B05E66A003B3F88 /* MyBarChartC */ = {
			isa = PBXNativeTarget;
			buildConfigurationList = 4EA1526D1B05E66B003B3F88 /* Build configuration list for PBXNativeTarget "MyBarChartC" */;
			buildPhases = (
				4EA152461B05E66A003B3F88 /* Sources */,
				4EA152471B05E66A003B3F88 /* Frameworks */,
				4EA152481B05E66A003B3F88 /* Resources */,
			);
			buildRules = (
			);
			dependencies = (
			);
			name = MyBarChartC;
			productName = MyBarChartC;
			productReference = 4EA1524A1B05E66A003B3F88 /* MyBarChartC.app */;
			productType = "com.apple.product-type.application";
		};
		4EA152621B05E66B003B3F88 /* MyBarChartCTests */ = {
			isa = PBXNativeTarget;
			buildConfigurationList = 4EA152701B05E66B003B3F88 /* Build configuration list for PBXNativeTarget "MyBarChartCTests" */;
			buildPhases = (
				4EA1525F1B05E66B003B3F88 /* Sources */,
				4EA152601B05E66B003B3F88 /* Frameworks */,
				4EA152611B05E66B003B3F88 /* Resources */,
			);
			buildRules = (
			);
			dependencies = (
				4EA152651B05E66B003B3F88 /* PBXTargetDependency */,
			);
			name = MyBarChartCTests;
			productName = MyBarChartCTests;
			productReference = 4EA152631B05E66B003B3F88 /* MyBarChartCTests.xctest */;
			productType = "com.apple.product-type.bundle.unit-test";
		};
/* End PBXNativeTarget section */

/* Begin PBXProject section */
		4EA152421B05E66A003B3F88 /* Project object */ = {
			isa = PBXProject;
			attributes = {
				LastUpgradeCheck = 0630;
				ORGANIZATIONNAME = Aurionpro;
				TargetAttributes = {
					4EA152491B05E66A003B3F88 = {
						CreatedOnToolsVersion = 6.3.1;
					};
					4EA152621B05E66B003B3F88 = {
						CreatedOnToolsVersion = 6.3.1;
						TestTargetID = 4EA152491B05E66A003B3F88;
					};
				};
			};
			buildConfigurationList = 4EA152451B05E66A003B3F88 /* Build configuration list for PBXProject "MyBarChartC" */;
			compatibilityVersion = "Xcode 3.2";
			developmentRegion = English;
			hasScannedForEncodings = 0;
			knownRegions = (
				en,
				Base,
			);
			mainGroup = 4EA152411B05E66A003B3F88;
			productRefGroup = 4EA1524B1B05E66A003B3F88 /* Products */;
			projectDirPath = "";
			projectRoot = "";
			targets = (
				4EA152491B05E66A003B3F88 /* MyBarChartC */,
				4EA152621B05E66B003B3F88 /* MyBarChartCTests */,
			);
		};
/* End PBXProject section */

/* Begin PBXResourcesBuildPhase section */
		4EA152481B05E66A003B3F88 /* Resources */ = {
			isa = PBXResourcesBuildPhase;
			buildActionMask = 2147483647;
			files = (
				4EA152591B05E66B003B3F88 /* Main.storyboard in Resources */,
				4EA1525E1B05E66B003B3F88 /* LaunchScreen.xib in Resources */,
				4EA1525B1B05E66B003B3F88 /* Images.xcassets in Resources */,
			);
			runOnlyForDeploymentPostprocessing = 0;
		};
		4EA152611B05E66B003B3F88 /* Resources */ = {
			isa = PBXResourcesBuildPhase;
			buildActionMask = 2147483647;
			files = (
			);
			runOnlyForDeploymentPostprocessing = 0;
		};
/* End PBXResourcesBuildPhase section */

/* Begin PBXSourcesBuildPhase section */
		4EA152461B05E66A003B3F88 /* Sources */ = {
			isa = PBXSourcesBuildPhase;
			buildActionMask = 2147483647;
			files = (
				4EA152561B05E66B003B3F88 /* ViewController.m in Sources */,
				4EA152531B05E66B003B3F88 /* AppDelegate.m in Sources */,
				4EA152501B05E66B003B3F88 /* main.m in Sources */,
			);
			runOnlyForDeploymentPostprocessing = 0;
		};
		4EA1525F1B05E66B003B3F88 /* Sources */ = {
			isa = PBXSourcesBuildPhase;
			buildActionMask = 2147483647;
			files = (
				4EA1526A1B05E66B003B3F88 /* MyBarChartCTests.m in Sources */,
			);
			runOnlyForDeploymentPostprocessing = 0;
		};
/* End PBXSourcesBuildPhase section */

/* Begin PBXTargetDependency section */
		4EA152651B05E66B003B3F88 /* PBXTargetDependency */ = {
			isa = PBXTargetDependency;
			target = 4EA152491B05E66A003B3F88 /* MyBarChartC */;
			targetProxy = 4EA152641B05E66B003B3F88 /* PBXContainerItemProxy */;
		};
/* End PBXTargetDependency section */

/* Begin PBXVariantGroup section */
		4EA152571B05E66B003B3F88 /* Main.storyboard */ = {
			isa = PBXVariantGroup;
			children = (
				4EA152581B05E66B003B3F88 /* Base */,
			);
			name = Main.storyboard;
			sourceTree = "<group>";
		};
		4EA1525C1B05E66B003B3F88 /* LaunchScreen.xib */ = {
			isa = PBXVariantGroup;
			children = (
				4EA1525D1B05E66B003B3F88 /* Base */,
			);
			name = LaunchScreen.xib;
			sourceTree = "<group>";
		};
/* End PBXVariantGroup section */

/* Begin XCBuildConfiguration section */
		4EA1526B1B05E66B003B3F88 /* Debug */ = {
			isa = XCBuildConfiguration;
			buildSettings = {
				ALWAYS_SEARCH_USER_PATHS = NO;
				CLANG_CXX_LANGUAGE_STANDARD = "gnu++0x";
				CLANG_CXX_LIBRARY = "libc++";
				CLANG_ENABLE_MODULES = YES;
				CLANG_ENABLE_OBJC_ARC = YES;
				CLANG_WARN_BOOL_CONVERSION = YES;
				CLANG_WARN_CONSTANT_CONVERSION = YES;
				CLANG_WARN_DIRECT_OBJC_ISA_USAGE = YES_ERROR;
				CLANG_WARN_EMPTY_BODY = YES;
				CLANG_WARN_ENUM_CONVERSION = YES;
				CLANG_WARN_INT_CONVERSION = YES;
				CLANG_WARN_OBJC_ROOT_CLASS = YES_ERROR;
				CLANG_WARN_UNREACHABLE_CODE = YES;
				CLANG_WARN__DUPLICATE_METHOD_MATCH = YES;
				"CODE_SIGN_IDENTITY[sdk=iphoneos*]" = "iPhone Developer";
				COPY_PHASE_STRIP = NO;
				DEBUG_INFORMATION_FORMAT = "dwarf-with-dsym";
				ENABLE_STRICT_OBJC_MSGSEND = YES;
				GCC_C_LANGUAGE_STANDARD = gnu99;
				GCC_DYNAMIC_NO_PIC = NO;
				GCC_NO_COMMON_BLOCKS = YES;
				GCC_OPTIMIZATION_LEVEL = 0;
				GCC_PREPROCESSOR_DEFINITIONS = (
					"DEBUG=1",
					"$(inherited)",
				);
				GCC_SYMBOLS_PRIVATE_EXTERN = NO;
				GCC_WARN_64_TO_32_BIT_CONVERSION = YES;
				GCC_WARN_ABOUT_RETURN_TYPE = YES_ERROR;
				GCC_WARN_UNDECLARED_SELECTOR = YES;
				GCC_WARN_UNINITIALIZED_AUTOS = YES_AGGRESSIVE;
				GCC_WARN_UNUSED_FUNCTION = YES;
				GCC_WARN_UNUSED_VARIABLE = YES;
				IPHONEOS_DEPLOYMENT_TARGET = 8.3;
				MTL_ENABLE_DEBUG_INFO = YES;
				ONLY_ACTIVE_ARCH = YES;
				SDKROOT = iphoneos;
			};
			name = Debug;
		};
		4EA1526C1B05E66B003B3F88 /* Release */ = {
			isa = XCBuildConfiguration;
			buildSettings = {
				ALWAYS_SEARCH_USER_PATHS = NO;
				CLANG_CXX_LANGUAGE_STANDARD = "gnu++0x";
				CLANG_CXX_LIBRARY = "libc++";
				CLANG_ENABLE_MODULES = YES;
				CLANG_ENABLE_OBJC_ARC = YES;
				CLANG_WARN_BOOL_CONVERSION = YES;
				CLANG_WARN_CONSTANT_CONVERSION = YES;
				CLANG_WARN_DIRECT_OBJC_ISA_USAGE = YES_ERROR;
				CLANG_WARN_EMPTY_BODY = YES;
				CLANG_WARN_ENUM_CONVERSION = YES;
				CLANG_WARN_INT_CONVERSION = YES;
				CLANG_WARN_OBJC_ROOT_CLASS = YES_ERROR;
				CLANG_WARN_UNREACHABLE_CODE = YES;
				CLANG_WARN__DUPLICATE_METHOD_MATCH = YES;
				"CODE_SIGN_IDENTITY[sdk=iphoneos*]" = "iPhone Developer";
				COPY_PHASE_STRIP = NO;
				DEBUG_INFORMATION_FORMAT = "dwarf-with-dsym";
				ENABLE_NS_ASSERTIONS = NO;
				ENABLE_STRICT_OBJC_MSGSEND = YES;
				GCC_C_LANGUAGE_STANDARD = gnu99;
				GCC_NO_COMMON_BLOCKS = YES;
				GCC_WARN_64_TO_32_BIT_CONVERSION = YES;
				GCC_WARN_ABOUT_RETURN_TYPE = YES_ERROR;
				GCC_WARN_UNDECLARED_SELECTOR = YES;
				GCC_WARN_UNINITIALIZED_AUTOS = YES_AGGRESSIVE;
				GCC_WARN_UNUSED_FUNCTION = YES;
				GCC_WARN_UNUSED_VARIABLE = YES;
				IPHONEOS_DEPLOYMENT_TARGET = 8.3;
				MTL_ENABLE_DEBUG_INFO = NO;
				SDKROOT = iphoneos;
				VALIDATE_PRODUCT = YES;
			};
			name = Release;
		};
		4EA1526E1B05E66B003B3F88 /* Debug */ = {
			isa = XCBuildConfiguration;
			buildSettings = {
				ASSETCATALOG_COMPILER_APPICON_NAME = AppIcon;
				INFOPLIST_FILE = MyBarChartC/Info.plist;
				IPHONEOS_DEPLOYMENT_TARGET = 7.0;
				LD_RUNPATH_SEARCH_PATHS = "$(inherited) @executable_path/Frameworks";
				LIBRARY_SEARCH_PATHS = (
					"$(inherited)",
					"$(PROJECT_DIR)",
				);
				OTHER_LDFLAGS = (
					"-ObjC",
					"-all_load",
				);
				PRODUCT_NAME = "$(TARGET_NAME)";
			};
			name = Debug;
		};
		4EA1526F1B05E66B003B3F88 /* Release */ = {
			isa = XCBuildConfiguration;
			buildSettings = {
				ASSETCATALOG_COMPILER_APPICON_NAME = AppIcon;
				INFOPLIST_FILE = MyBarChartC/Info.plist;
				IPHONEOS_DEPLOYMENT_TARGET = 7.0;
				LD_RUNPATH_SEARCH_PATHS = "$(inherited) @executable_path/Frameworks";
				LIBRARY_SEARCH_PATHS = (
					"$(inherited)",
					"$(PROJECT_DIR)",
				);
				OTHER_LDFLAGS = (
					"-ObjC",
					"-all_load",
				);
				PRODUCT_NAME = "$(TARGET_NAME)";
			};
			name = Release;
		};
		4EA152711B05E66B003B3F88 /* Debug */ = {
			isa = XCBuildConfiguration;
			buildSettings = {
				BUNDLE_LOADER = "$(TEST_HOST)";
				FRAMEWORK_SEARCH_PATHS = (
					"$(SDKROOT)/Developer/Library/Frameworks",
					"$(inherited)",
				);
				GCC_PREPROCESSOR_DEFINITIONS = (
					"DEBUG=1",
					"$(inherited)",
				);
				INFOPLIST_FILE = MyBarChartCTests/Info.plist;
				LD_RUNPATH_SEARCH_PATHS = "$(inherited) @executable_path/Frameworks @loader_path/Frameworks";
				PRODUCT_NAME = "$(TARGET_NAME)";
				TEST_HOST = "$(BUILT_PRODUCTS_DIR)/MyBarChartC.app/MyBarChartC";
			};
			name = Debug;
		};
		4EA152721B05E66B003B3F88 /* Release */ = {
			isa = XCBuildConfiguration;
			buildSettings = {
				BUNDLE_LOADER = "$(TEST_HOST)";
				FRAMEWORK_SEARCH_PATHS = (
					"$(SDKROOT)/Developer/Library/Frameworks",
					"$(inherited)",
				);
				INFOPLIST_FILE = MyBarChartCTests/Info.plist;
				LD_RUNPATH_SEARCH_PATHS = "$(inherited) @executable_path/Frameworks @loader_path/Frameworks";
				PRODUCT_NAME = "$(TARGET_NAME)";
				TEST_HOST = "$(BUILT_PRODUCTS_DIR)/MyBarChartC.app/MyBarChartC";
			};
			name = Release;
		};
/* End XCBuildConfiguration section */

/* Begin XCConfigurationList section */
		4EA152451B05E66A003B3F88 /* Build configuration list for PBXProject "MyBarChartC" */ = {
			isa = XCConfigurationList;
			buildConfigurations = (
				4EA1526B1B05E66B003B3F88 /* Debug */,
				4EA1526C1B05E66B003B3F88 /* Release */,
			);
			defaultConfigurationIsVisible = 0;
			defaultConfigurationName = Release;
		};
		4EA1526D1B05E66B003B3F88 /* Build configuration list for PBXNativeTarget "MyBarChartC" */ = {
			isa = XCConfigurationList;
			buildConfigurations = (
				4EA1526E1B05E66B003B3F88 /* Debug */,
				4EA1526F1B05E66B003B3F88 /* Release */,
			);
			defaultConfigurationIsVisible = 0;
			defaultConfigurationName = Release;
		};
		4EA152701B05E66B003B3F88 /* Build configuration list for PBXNativeTarget "MyBarChartCTests" */ = {
			isa = XCConfigurationList;
			buildConfigurations = (
				4EA152711B05E66B003B3F88 /* Debug */,
				4EA152721B05E66B003B3F88 /* Release */,
			);
			defaultConfigurationIsVisible = 0;
			defaultConfigurationName = Release;
		};
/* End XCConfigurationList section */
	};
	rootObject = 4EA152421B05E66A003B3F88 /* Project object */;
}
